
Microsoft Visual Studio Solution File, Format Version 12.00
# Visual Studio Version 17
VisualStudioVersion = 17.3.32825.248
MinimumVisualStudioVersion = 10.0.40219.1
Project("{FAE04EC0-301F-11D3-BF4B-00C04F79EFBC}") = "MVCdemo", "MVCdemo\MVCdemo.csproj", "{AB2F1942-C55B-494B-98F3-E478E2DC6F2E}"
EndProject
Global
	GlobalSection(SolutionConfigurationPlatforms) = preSolution
		Debug|Any CPU = Debug|Any CPU
		Release|Any CPU = Release|Any CPU
	EndGlobalSection
	GlobalSection(ProjectConfigurationPlatforms) = postSolution
		{AB2F1942-C55B-494B-98F3-E478E2DC6F2E}.Debug|Any CPU.ActiveCfg = Debug|Any CPU
		{AB2F1942-C55B-494B-98F3-E478E2DC6F2E}.Debug|Any CPU.Build.0 = Debug|Any CPU
		{AB2F1942-C55B-494B-98F3-E478E2DC6F2E}.Release|Any CPU.ActiveCfg = Release|Any CPU
		{AB2F1942-C55B-494B-98F3-E478E2DC6F2E}.Release|Any CPU.Build.0 = Release|Any CPU
	EndGlobalSection
	GlobalSection(SolutionProperties) = preSolution
		HideSolutionNode = FALSE
	EndGlobalSection
	GlobalSection(ExtensibilityGlobals) = postSolution
		SolutionGuid = {57146587-88CF-4B6B-BFFB-DC838A23F4A3}
	EndGlobalSection
EndGlobal
